
Microsoft Visual Studio Solution File, Format Version 12.00
# Visual Studio Version 17
VisualStudioVersion = 17.3.32804.467
MinimumVisualStudioVersion = 10.0.40219.1
Project("{FAE04EC0-301F-11D3-BF4B-00C04F79EFBC}") = "threadedTcpSrv", "threadedTcpSrv\threadedTcpSrv.csproj", "{20F32CC1-963C-4A25-81A4-D6A7CF585DBC}"
EndProject
Global
	GlobalSection(SolutionConfigurationPlatforms) = preSolution
		Debug|Any CPU = Debug|Any CPU
		Release|Any CPU = Release|Any CPU
	EndGlobalSection
	GlobalSection(ProjectConfigurationPlatforms) = postSolution
		{20F32CC1-963C-4A25-81A4-D6A7CF585DBC}.Debug|Any CPU.ActiveCfg = Debug|Any CPU
		{20F32CC1-963C-4A25-81A4-D6A7CF585DBC}.Debug|Any CPU.Build.0 = Debug|Any CPU
		{20F32CC1-963C-4A25-81A4-D6A7CF585DBC}.Release|Any CPU.ActiveCfg = Release|Any CPU
		{20F32CC1-963C-4A25-81A4-D6A7CF585DBC}.Release|Any CPU.Build.0 = Release|Any CPU
	EndGlobalSection
	GlobalSection(SolutionProperties) = preSolution
		HideSolutionNode = FALSE
	EndGlobalSection
	GlobalSection(ExtensibilityGlobals) = postSolution
		SolutionGuid = {1F94EE4F-15A7-4F0D-A34B-434A5C33CC53}
	EndGlobalSection
EndGlobal
